
Microsoft Visual Studio Solution File, Format Version 11.00
# Visual Studio 2010
# SharpDevelop 5.1
Project("{FAE04EC0-301F-11D3-BF4B-00C04F79EFBC}") = "ProyectoFinalMD", "ProyectoFinalMD\ProyectoFinalMD.csproj", "{8693ED7C-7ABD-42B9-931C-DBEF3CF7D9FF}"
EndProject
Global
	GlobalSection(SolutionConfigurationPlatforms) = preSolution
		Debug|Any CPU = Debug|Any CPU
		Release|Any CPU = Release|Any CPU
	EndGlobalSection
	GlobalSection(ProjectConfigurationPlatforms) = postSolution
		{8693ED7C-7ABD-42B9-931C-DBEF3CF7D9FF}.Debug|Any CPU.ActiveCfg = Debug|Any CPU
		{8693ED7C-7ABD-42B9-931C-DBEF3CF7D9FF}.Debug|Any CPU.Build.0 = Debug|Any CPU
		{8693ED7C-7ABD-42B9-931C-DBEF3CF7D9FF}.Release|Any CPU.ActiveCfg = Release|Any CPU
		{8693ED7C-7ABD-42B9-931C-DBEF3CF7D9FF}.Release|Any CPU.Build.0 = Release|Any CPU
	EndGlobalSection
EndGlobal
